
Microsoft Visual Studio Solution File, Format Version 12.00
# Visual Studio Version 17
VisualStudioVersion = 17.3.32811.315
MinimumVisualStudioVersion = 10.0.40219.1
Project("{FAE04EC0-301F-11D3-BF4B-00C04F79EFBC}") = "WorkTestConsole", "WorkTestConsole\WorkTestConsole.csproj", "{5DBD59C7-180F-4C65-BA2C-5104CE3A96EA}"
EndProject
Global
	GlobalSection(SolutionConfigurationPlatforms) = preSolution
		Debug|Any CPU = Debug|Any CPU
		Release|Any CPU = Release|Any CPU
	EndGlobalSection
	GlobalSection(ProjectConfigurationPlatforms) = postSolution
		{5DBD59C7-180F-4C65-BA2C-5104CE3A96EA}.Debug|Any CPU.ActiveCfg = Debug|Any CPU
		{5DBD59C7-180F-4C65-BA2C-5104CE3A96EA}.Debug|Any CPU.Build.0 = Debug|Any CPU
		{5DBD59C7-180F-4C65-BA2C-5104CE3A96EA}.Release|Any CPU.ActiveCfg = Release|Any CPU
		{5DBD59C7-180F-4C65-BA2C-5104CE3A96EA}.Release|Any CPU.Build.0 = Release|Any CPU
	EndGlobalSection
	GlobalSection(SolutionProperties) = preSolution
		HideSolutionNode = FALSE
	EndGlobalSection
	GlobalSection(ExtensibilityGlobals) = postSolution
		SolutionGuid = {C2AFE2F1-85BF-4A7F-A2D1-7D114A49B5BE}
	EndGlobalSection
EndGlobal
